// !$*UTF8*$!
{
	archiveVersion = 1;
	classes = {
	};
	objectVersion = 46;
	objects = {

/* Begin PBXBuildFile section */
		980F77601F1C800F00AA3EB2 /* AppDelegate.swift in Sources */ = {isa = PBXBuildFile; fileRef = 980F775F1F1C800F00AA3EB2 /* AppDelegate.swift */; };
		980F77651F1C800F00AA3EB2 /* Main.storyboard in Resources */ = {isa = PBXBuildFile; fileRef = 980F77631F1C800F00AA3EB2 /* Main.storyboard */; };
		980F77681F1C800F00AA3EB2 /* CoreDataDemo.xcdatamodeld in Sources */ = {isa = PBXBuildFile; fileRef = 980F77661F1C800F00AA3EB2 /* CoreDataDemo.xcdatamodeld */; };
		980F776A1F1C800F00AA3EB2 /* Assets.xcassets in Resources */ = {isa = PBXBuildFile; fileRef = 980F77691F1C800F00AA3EB2 /* Assets.xcassets */; };
		980F776D1F1C800F00AA3EB2 /* LaunchScreen.storyboard in Resources */ = {isa = PBXBuildFile; fileRef = 980F776B1F1C800F00AA3EB2 /* LaunchScreen.storyboard */; };
		980F77751F1C897400AA3EB2 /* ProductManager.swift in Sources */ = {isa = PBXBuildFile; fileRef = 980F77741F1C897400AA3EB2 /* ProductManager.swift */; };
		980F77771F1C89E300AA3EB2 /* ProductsTableViewController.swift in Sources */ = {isa = PBXBuildFile; fileRef = 980F77761F1C89E300AA3EB2 /* ProductsTableViewController.swift */; };
		980F77791F1C94AC00AA3EB2 /* ProductTableViewCell.swift in Sources */ = {isa = PBXBuildFile; fileRef = 980F77781F1C94AC00AA3EB2 /* ProductTableViewCell.swift */; };
/* End PBXBuildFile section */

/* Begin PBXFileReference section */
		980F775C1F1C800E00AA3EB2 /* CoreDataDemo.app */ = {isa = PBXFileReference; explicitFileType = wrapper.application; includeInIndex = 0; path = CoreDataDemo.app; sourceTree = BUILT_PRODUCTS_DIR; };
		980F775F1F1C800F00AA3EB2 /* AppDelegate.swift */ = {isa = PBXFileReference; lastKnownFileType = sourcecode.swift; path = AppDelegate.swift; sourceTree = "<group>"; };
		980F77641F1C800F00AA3EB2 /* Base */ = {isa = PBXFileReference; lastKnownFileType = file.storyboard; name = Base; path = Base.lproj/Main.storyboard; sourceTree = "<group>"; };
		980F77671F1C800F00AA3EB2 /* CoreDataDemo.xcdatamodel */ = {isa = PBXFileReference; lastKnownFileType = wrapper.xcdatamodel; path = CoreDataDemo.xcdatamodel; sourceTree = "<group>"; };
		980F77691F1C800F00AA3EB2 /* Assets.xcassets */ = {isa = PBXFileReference; lastKnownFileType = folder.assetcatalog; path = Assets.xcassets; sourceTree = "<group>"; };
		980F776C1F1C800F00AA3EB2 /* Base */ = {isa = PBXFileReference; lastKnownFileType = file.storyboard; name = Base; path = Base.lproj/LaunchScreen.storyboard; sourceTree = "<group>"; };
		980F776E1F1C800F00AA3EB2 /* Info.plist */ = {isa = PBXFileReference; lastKnownFileType = text.plist.xml; path = Info.plist; sourceTree = "<group>"; };
		980F77741F1C897400AA3EB2 /* ProductManager.swift */ = {isa = PBXFileReference; fileEncoding = 4; lastKnownFileType = sourcecode.swift; path = ProductManager.swift; sourceTree = "<group>"; };
		980F77761F1C89E300AA3EB2 /* ProductsTableViewController.swift */ = {isa = PBXFileReference; fileEncoding = 4; lastKnownFileType = sourcecode.swift; path = ProductsTableViewController.swift; sourceTree = "<group>"; };
		980F77781F1C94AC00AA3EB2 /* ProductTableViewCell.swift */ = {isa = PBXFileReference; fileEncoding = 4; lastKnownFileType = sourcecode.swift; path = ProductTableViewCell.swift; sourceTree = "<group>"; };
/* End PBXFileReference section */

/* Begin PBXFrameworksBuildPhase section */
		980F77591F1C800E00AA3EB2 /* Frameworks */ = {
			isa = PBXFrameworksBuildPhase;
			buildActionMask = 2147483647;
			files = (
			);
			runOnlyForDeploymentPostprocessing = 0;
		};
/* End PBXFrameworksBuildPhase section */

/* Begin PBXGroup section */
		980F77531F1C800E00AA3EB2 = {
			isa = PBXGroup;
			children = (
				980F775E1F1C800E00AA3EB2 /* CoreDataDemo */,
				980F775D1F1C800E00AA3EB2 /* Products */,
			);
			sourceTree = "<group>";
		};
		980F775D1F1C800E00AA3EB2 /* Products */ = {
			isa = PBXGroup;
			children = (
				980F775C1F1C800E00AA3EB2 /* CoreDataDemo.app */,
			);
			name = Products;
			sourceTree = "<group>";
		};
		980F775E1F1C800E00AA3EB2 /* CoreDataDemo */ = {
			isa = PBXGroup;
			children = (
				980F775F1F1C800F00AA3EB2 /* AppDelegate.swift */,
				980F77741F1C897400AA3EB2 /* ProductManager.swift */,
				980F77761F1C89E300AA3EB2 /* ProductsTableViewController.swift */,
				980F77781F1C94AC00AA3EB2 /* ProductTableViewCell.swift */,
				980F77631F1C800F00AA3EB2 /* Main.storyboard */,
				980F77691F1C800F00AA3EB2 /* Assets.xcassets */,
				980F776E1F1C800F00AA3EB2 /* Info.plist */,
				980F77661F1C800F00AA3EB2 /* CoreDataDemo.xcdatamodeld */,
				980F776B1F1C800F00AA3EB2 /* LaunchScreen.storyboard */,
			);
			path = CoreDataDemo;
			sourceTree = "<group>";
		};
/* End PBXGroup section */

/* Begin PBXNativeTarget section */
		980F775B1F1C800E00AA3EB2 /* CoreDataDemo */ = {
			isa = PBXNativeTarget;
			buildConfigurationList = 980F77711F1C800F00AA3EB2 /* Build configuration list for PBXNativeTarget "CoreDataDemo" */;
			buildPhases = (
				980F77581F1C800E00AA3EB2 /* Sources */,
				980F77591F1C800E00AA3EB2 /* Frameworks */,
				980F775A1F1C800E00AA3EB2 /* Resources */,
			);
			buildRules = (
			);
			dependencies = (
			);
			name = CoreDataDemo;
			productName = CoreDataDemo;
			productReference = 980F775C1F1C800E00AA3EB2 /* CoreDataDemo.app */;
			productType = "com.apple.product-type.application";
		};
/* End PBXNativeTarget section */

/* Begin PBXProject section */
		980F77541F1C800E00AA3EB2 /* Project object */ = {
			isa = PBXProject;
			attributes = {
				LastSwiftUpdateCheck = 0830;
				LastUpgradeCheck = 0830;
				ORGANIZATIONNAME = JordanLin;
				TargetAttributes = {
					980F775B1F1C800E00AA3EB2 = {
						CreatedOnToolsVersion = 8.3.3;
						ProvisioningStyle = Automatic;
					};
				};
			};
			buildConfigurationList = 980F77571F1C800E00AA3EB2 /* Build configuration list for PBXProject "CoreDataDemo" */;
			compatibilityVersion = "Xcode 3.2";
			developmentRegion = English;
			hasScannedForEncodings = 0;
			knownRegions = (
				en,
				Base,
			);
			mainGroup = 980F77531F1C800E00AA3EB2;
			productRefGroup = 980F775D1F1C800E00AA3EB2 /* Products */;
			projectDirPath = "";
			projectRoot = "";
			targets = (
				980F775B1F1C800E00AA3EB2 /* CoreDataDemo */,
			);
		};
/* End PBXProject section */

/* Begin PBXResourcesBuildPhase section */
		980F775A1F1C800E00AA3EB2 /* Resources */ = {
			isa = PBXResourcesBuildPhase;
			buildActionMask = 2147483647;
			files = (
				980F776D1F1C800F00AA3EB2 /* LaunchScreen.storyboard in Resources */,
				980F776A1F1C800F00AA3EB2 /* Assets.xcassets in Resources */,
				980F77651F1C800F00AA3EB2 /* Main.storyboard in Resources */,
			);
			runOnlyForDeploymentPostprocessing = 0;
		};
/* End PBXResourcesBuildPhase section */

/* Begin PBXSourcesBuildPhase section */
		980F77581F1C800E00AA3EB2 /* Sources */ = {
			isa = PBXSourcesBuildPhase;
			buildActionMask = 2147483647;
			files = (
				980F77751F1C897400AA3EB2 /* ProductManager.swift in Sources */,
				980F77771F1C89E300AA3EB2 /* ProductsTableViewController.swift in Sources */,
				980F77791F1C94AC00AA3EB2 /* ProductTableViewCell.swift in Sources */,
				980F77681F1C800F00AA3EB2 /* CoreDataDemo.xcdatamodeld in Sources */,
				980F77601F1C800F00AA3EB2 /* AppDelegate.swift in Sources */,
			);
			runOnlyForDeploymentPostprocessing = 0;
		};
/* End PBXSourcesBuildPhase section */

/* Begin PBXVariantGroup section */
		980F77631F1C800F00AA3EB2 /* Main.storyboard */ = {
			isa = PBXVariantGroup;
			children = (
				980F77641F1C800F00AA3EB2 /* Base */,
			);
			name = Main.storyboard;
			sourceTree = "<group>";
		};
		980F776B1F1C800F00AA3EB2 /* LaunchScreen.storyboard */ = {
			isa = PBXVariantGroup;
			children = (
				980F776C1F1C800F00AA3EB2 /* Base */,
			);
			name = LaunchScreen.storyboard;
			sourceTree = "<group>";
		};
/* End PBXVariantGroup section */

/* Begin XCBuildConfiguration section */
		980F776F1F1C800F00AA3EB2 /* Debug */ = {
			isa = XCBuildConfiguration;
			buildSettings = {
				ALWAYS_SEARCH_USER_PATHS = NO;
				CLANG_ANALYZER_NONNULL = YES;
				CLANG_ANALYZER_NUMBER_OBJECT_CONVERSION = YES_AGGRESSIVE;
				CLANG_CXX_LANGUAGE_STANDARD = "gnu++0x";
				CLANG_CXX_LIBRARY = "libc++";
				CLANG_ENABLE_MODULES = YES;
				CLANG_ENABLE_OBJC_ARC = YES;
				CLANG_WARN_BOOL_CONVERSION = YES;
				CLANG_WARN_CONSTANT_CONVERSION = YES;
				CLANG_WARN_DIRECT_OBJC_ISA_USAGE = YES_ERROR;
				CLANG_WARN_DOCUMENTATION_COMMENTS = YES;
				CLANG_WARN_EMPTY_BODY = YES;
				CLANG_WARN_ENUM_CONVERSION = YES;
				CLANG_WARN_INFINITE_RECURSION = YES;
				CLANG_WARN_INT_CONVERSION = YES;
				CLANG_WARN_OBJC_ROOT_CLASS = YES_ERROR;
				CLANG_WARN_SUSPICIOUS_MOVE = YES;
				CLANG_WARN_UNREACHABLE_CODE = YES;
				CLANG_WARN__DUPLICATE_METHOD_MATCH = YES;
				"CODE_SIGN_IDENTITY[sdk=iphoneos*]" = "iPhone Developer";
				COPY_PHASE_STRIP = NO;
				DEBUG_INFORMATION_FORMAT = dwarf;
				ENABLE_STRICT_OBJC_MSGSEND = YES;
				ENABLE_TESTABILITY = YES;
				GCC_C_LANGUAGE_STANDARD = gnu99;
				GCC_DYNAMIC_NO_PIC = NO;
				GCC_NO_COMMON_BLOCKS = YES;
				GCC_OPTIMIZATION_LEVEL = 0;
				GCC_PREPROCESSOR_DEFINITIONS = (
					"DEBUG=1",
					"$(inherited)",
				);
				GCC_WARN_64_TO_32_BIT_CONVERSION = YES;
				GCC_WARN_ABOUT_RETURN_TYPE = YES_ERROR;
				GCC_WARN_UNDECLARED_SELECTOR = YES;
				GCC_WARN_UNINITIALIZED_AUTOS = YES_AGGRESSIVE;
				GCC_WARN_UNUSED_FUNCTION = YES;
				GCC_WARN_UNUSED_VARIABLE = YES;
				IPHONEOS_DEPLOYMENT_TARGET = 10.3;
				MTL_ENABLE_DEBUG_INFO = YES;
				ONLY_ACTIVE_ARCH = YES;
				SDKROOT = iphoneos;
				SWIFT_ACTIVE_COMPILATION_CONDITIONS = DEBUG;
				SWIFT_OPTIMIZATION_LEVEL = "-Onone";
			};
			name = Debug;
		};
		980F77701F1C800F00AA3EB2 /* Release */ = {
			isa = XCBuildConfiguration;
			buildSettings = {
				ALWAYS_SEARCH_USER_PATHS = NO;
				CLANG_ANALYZER_NONNULL = YES;
				CLANG_ANALYZER_NUMBER_OBJECT_CONVERSION = YES_AGGRESSIVE;
				CLANG_CXX_LANGUAGE_STANDARD = "gnu++0x";
				CLANG_CXX_LIBRARY = "libc++";
				CLANG_ENABLE_MODULES = YES;
				CLANG_ENABLE_OBJC_ARC = YES;
				CLANG_WARN_BOOL_CONVERSION = YES;
				CLANG_WARN_CONSTANT_CONVERSION = YES;
				CLANG_WARN_DIRECT_OBJC_ISA_USAGE = YES_ERROR;
				CLANG_WARN_DOCUMENTATION_COMMENTS = YES;
				CLANG_WARN_EMPTY_BODY = YES;
				CLANG_WARN_ENUM_CONVERSION = YES;
				CLANG_WARN_INFINITE_RECURSION = YES;
				CLANG_WARN_INT_CONVERSION = YES;
				CLANG_WARN_OBJC_ROOT_CLASS = YES_ERROR;
				CLANG_WARN_SUSPICIOUS_MOVE = YES;
				CLANG_WARN_UNREACHABLE_CODE = YES;
				CLANG_WARN__DUPLICATE_METHOD_MATCH = YES;
				"CODE_SIGN_IDENTITY[sdk=iphoneos*]" = "iPhone Developer";
				COPY_PHASE_STRIP = NO;
				DEBUG_INFORMATION_FORMAT = "dwarf-with-dsym";
				ENABLE_NS_ASSERTIONS = NO;
				ENABLE_STRICT_OBJC_MSGSEND = YES;
				GCC_C_LANGUAGE_STANDARD = gnu99;
				GCC_NO_COMMON_BLOCKS = YES;
				GCC_WARN_64_TO_32_BIT_CONVERSION = YES;
				GCC_WARN_ABOUT_RETURN_TYPE = YES_ERROR;
				GCC_WARN_UNDECLARED_SELECTOR = YES;
				GCC_WARN_UNINITIALIZED_AUTOS = YES_AGGRESSIVE;
				GCC_WARN_UNUSED_FUNCTION = YES;
				GCC_WARN_UNUSED_VARIABLE = YES;
				IPHONEOS_DEPLOYMENT_TARGET = 10.3;
				MTL_ENABLE_DEBUG_INFO = NO;
				SDKROOT = iphoneos;
				SWIFT_OPTIMIZATION_LEVEL = "-Owholemodule";
				VALIDATE_PRODUCT = YES;
			};
			name = Release;
		};
		980F77721F1C800F00AA3EB2 /* Debug */ = {
			isa = XCBuildConfiguration;
			buildSettings = {
				ASSETCATALOG_COMPILER_APPICON_NAME = AppIcon;
				INFOPLIST_FILE = CoreDataDemo/Info.plist;
				LD_RUNPATH_SEARCH_PATHS = "$(inherited) @executable_path/Frameworks";
				PRODUCT_BUNDLE_IDENTIFIER = JD.com.CoreDataDemo;
				PRODUCT_NAME = "$(TARGET_NAME)";
				SWIFT_VERSION = 3.0;
			};
			name = Debug;
		};
		980F77731F1C800F00AA3EB2 /* Release */ = {
			isa = XCBuildConfiguration;
			buildSettings = {
				ASSETCATALOG_COMPILER_APPICON_NAME = AppIcon;
				INFOPLIST_FILE = CoreDataDemo/Info.plist;
				LD_RUNPATH_SEARCH_PATHS = "$(inherited) @executable_path/Frameworks";
				PRODUCT_BUNDLE_IDENTIFIER = JD.com.CoreDataDemo;
				PRODUCT_NAME = "$(TARGET_NAME)";
				SWIFT_VERSION = 3.0;
			};
			name = Release;
		};
/* End XCBuildConfiguration section */

/* Begin XCConfigurationList section */
		980F77571F1C800E00AA3EB2 /* Build configuration list for PBXProject "CoreDataDemo" */ = {
			isa = XCConfigurationList;
			buildConfigurations = (
				980F776F1F1C800F00AA3EB2 /* Debug */,
				980F77701F1C800F00AA3EB2 /* Release */,
			);
			defaultConfigurationIsVisible = 0;
			defaultConfigurationName = Release;
		};
		980F77711F1C800F00AA3EB2 /* Build configuration list for PBXNativeTarget "CoreDataDemo" */ = {
			isa = XCConfigurationList;
			buildConfigurations = (
				980F77721F1C800F00AA3EB2 /* Debug */,
				980F77731F1C800F00AA3EB2 /* Release */,
			);
			defaultConfigurationIsVisible = 0;
			defaultConfigurationName = Release;
		};
/* End XCConfigurationList section */

/* Begin XCVersionGroup section */
		980F77661F1C800F00AA3EB2 /* CoreDataDemo.xcdatamodeld */ = {
			isa = XCVersionGroup;
			children = (
				980F77671F1C800F00AA3EB2 /* CoreDataDemo.xcdatamodel */,
			);
			currentVersion = 980F77671F1C800F00AA3EB2 /* CoreDataDemo.xcdatamodel */;
			path = CoreDataDemo.xcdatamodeld;
			sourceTree = "<group>";
			versionGroupType = wrapper.xcdatamodel;
		};
/* End XCVersionGroup section */
	};
	rootObject = 980F77541F1C800E00AA3EB2 /* Project object */;
}
